{
  "name": "quark-router",
  "version": "1.0.0",
  "lockfileVersion": 3,
  "requires": true,
  "packages": {
    "": {
      "name": "quark-router",
      "version": "1.0.0",
      "license": "ISC",
      "dependencies": {
        "@babel/runtime": "^7.23.8",
        "tslib": "^2.6.2",
        "urlpattern-polyfill": "^9.0.0"
      },
      "devDependencies": {
        "@babel/core": "^7.22.5",
        "@babel/plugin-proposal-decorators": "^7.22.5",
        "@babel/plugin-transform-runtime": "^7.22.5",
        "@babel/preset-env": "^7.22.5",
        "@types/node": "^14.18.52",
        "typescript": "^5.4.2",
        "vite": "^4.3.9",
        "vite-plugin-dts": "^3.8.1"
      },
      "peerDependencies": {
        "quarkc": "^1.0.40"
      }
    },
    "../../node_modules/.pnpm/@babel+core@7.24.4/node_modules/@babel/core": {
      "version": "7.24.4",
      "dev": true,
      "license": "MIT",
      "dependencies": {
        "@ampproject/remapping": "^2.2.0",
        "@babel/code-frame": "^7.24.2",
        "@babel/generator": "^7.24.4",
        "@babel/helper-compilation-targets": "^7.23.6",
        "@babel/helper-module-transforms": "^7.23.3",
        "@babel/helpers": "^7.24.4",
        "@babel/parser": "^7.24.4",
        "@babel/template": "^7.24.0",
        "@babel/traverse": "^7.24.1",
        "@babel/types": "^7.24.0",
        "convert-source-map": "^2.0.0",
        "debug": "^4.1.0",
        "gensync": "^1.0.0-beta.2",
        "json5": "^2.2.3",
        "semver": "^6.3.1"
      },
      "devDependencies": {
        "@babel/helper-transform-fixture-test-runner": "^7.24.4",
        "@babel/plugin-syntax-flow": "^7.24.1",
        "@babel/plugin-transform-flow-strip-types": "^7.24.1",
        "@babel/plugin-transform-modules-commonjs": "^7.24.1",
        "@babel/preset-env": "^7.24.4",
        "@babel/preset-typescript": "^7.24.1",
        "@jridgewell/trace-mapping": "^0.3.25",
        "@types/convert-source-map": "^2.0.0",
        "@types/debug": "^4.1.0",
        "@types/gensync": "^1.0.0",
        "@types/resolve": "^1.3.2",
        "@types/semver": "^5.4.0",
        "rimraf": "^3.0.0",
        "ts-node": "^10.9.1"
      },
      "engines": {
        "node": ">=6.9.0"
      },
      "funding": {
        "type": "opencollective",
        "url": "https://opencollective.com/babel"
      }
    },
    "../../node_modules/.pnpm/@babel+plugin-proposal-decorators@7.24.1_@babel+core@7.24.4/node_modules/@babel/plugin-proposal-decorators": {
      "version": "7.24.1",
      "dev": true,
      "license": "MIT",
      "dependencies": {
        "@babel/helper-create-class-features-plugin": "^7.24.1",
        "@babel/helper-plugin-utils": "^7.24.0",
        "@babel/plugin-syntax-decorators": "^7.24.1"
      },
      "devDependencies": {
        "@babel/core": "^7.24.1",
        "@babel/helper-plugin-test-runner": "^7.24.1",
        "@babel/traverse": "^7.24.1",
        "array.prototype.concat": "^1.0.2",
        "babel-plugin-polyfill-es-shims": "^0.10.4",
        "object.getownpropertydescriptors": "^2.1.1"
      },
      "engines": {
        "node": ">=6.9.0"
      },
      "peerDependencies": {
        "@babel/core": "^7.0.0-0"
      }
    },
    "../../node_modules/.pnpm/@babel+plugin-transform-runtime@7.24.3_@babel+core@7.24.4/node_modules/@babel/plugin-transform-runtime": {
      "version": "7.24.3",
      "dev": true,
      "license": "MIT",
      "dependencies": {
        "@babel/helper-module-imports": "^7.24.3",
        "@babel/helper-plugin-utils": "^7.24.0",
        "babel-plugin-polyfill-corejs2": "^0.4.10",
        "babel-plugin-polyfill-corejs3": "^0.10.1",
        "babel-plugin-polyfill-regenerator": "^0.6.1",
        "semver": "^6.3.1"
      },
      "devDependencies": {
        "@babel/core": "^7.24.3",
        "@babel/helper-plugin-test-runner": "^7.24.1",
        "@babel/helpers": "^7.24.1",
        "@babel/preset-env": "^7.24.3",
        "@babel/runtime": "^7.24.1",
        "@babel/runtime-corejs3": "^7.24.1",
        "babel-plugin-polyfill-corejs3": "^0.10.4",
        "make-dir": "^2.1.0"
      },
      "engines": {
        "node": ">=6.9.0"
      },
      "peerDependencies": {
        "@babel/core": "^7.0.0-0"
      }
    },
    "../../node_modules/.pnpm/@babel+preset-env@7.24.4_@babel+core@7.24.4/node_modules/@babel/preset-env": {
      "version": "7.24.4",
      "dev": true,
      "license": "MIT",
      "dependencies": {
        "@babel/compat-data": "^7.24.4",
        "@babel/helper-compilation-targets": "^7.23.6",
        "@babel/helper-plugin-utils": "^7.24.0",
        "@babel/helper-validator-option": "^7.23.5",
        "@babel/plugin-bugfix-firefox-class-in-computed-class-key": "^7.24.4",
        "@babel/plugin-bugfix-safari-id-destructuring-collision-in-function-expression": "^7.24.1",
        "@babel/plugin-bugfix-v8-spread-parameters-in-optional-chaining": "^7.24.1",
        "@babel/plugin-bugfix-v8-static-class-fields-redefine-readonly": "^7.24.1",
        "@babel/plugin-proposal-private-property-in-object": "7.21.0-placeholder-for-preset-env.2",
        "@babel/plugin-syntax-async-generators": "^7.8.4",
        "@babel/plugin-syntax-class-properties": "^7.12.13",
        "@babel/plugin-syntax-class-static-block": "^7.14.5",
        "@babel/plugin-syntax-dynamic-import": "^7.8.3",
        "@babel/plugin-syntax-export-namespace-from": "^7.8.3",
        "@babel/plugin-syntax-import-assertions": "^7.24.1",
        "@babel/plugin-syntax-import-attributes": "^7.24.1",
        "@babel/plugin-syntax-import-meta": "^7.10.4",
        "@babel/plugin-syntax-json-strings": "^7.8.3",
        "@babel/plugin-syntax-logical-assignment-operators": "^7.10.4",
        "@babel/plugin-syntax-nullish-coalescing-operator": "^7.8.3",
        "@babel/plugin-syntax-numeric-separator": "^7.10.4",
        "@babel/plugin-syntax-object-rest-spread": "^7.8.3",
        "@babel/plugin-syntax-optional-catch-binding": "^7.8.3",
        "@babel/plugin-syntax-optional-chaining": "^7.8.3",
        "@babel/plugin-syntax-private-property-in-object": "^7.14.5",
        "@babel/plugin-syntax-top-level-await": "^7.14.5",
        "@babel/plugin-syntax-unicode-sets-regex": "^7.18.6",
        "@babel/plugin-transform-arrow-functions": "^7.24.1",
        "@babel/plugin-transform-async-generator-functions": "^7.24.3",
        "@babel/plugin-transform-async-to-generator": "^7.24.1",
        "@babel/plugin-transform-block-scoped-functions": "^7.24.1",
        "@babel/plugin-transform-block-scoping": "^7.24.4",
        "@babel/plugin-transform-class-properties": "^7.24.1",
        "@babel/plugin-transform-class-static-block": "^7.24.4",
        "@babel/plugin-transform-classes": "^7.24.1",
        "@babel/plugin-transform-computed-properties": "^7.24.1",
        "@babel/plugin-transform-destructuring": "^7.24.1",
        "@babel/plugin-transform-dotall-regex": "^7.24.1",
        "@babel/plugin-transform-duplicate-keys": "^7.24.1",
        "@babel/plugin-transform-dynamic-import": "^7.24.1",
        "@babel/plugin-transform-exponentiation-operator": "^7.24.1",
        "@babel/plugin-transform-export-namespace-from": "^7.24.1",
        "@babel/plugin-transform-for-of": "^7.24.1",
        "@babel/plugin-transform-function-name": "^7.24.1",
        "@babel/plugin-transform-json-strings": "^7.24.1",
        "@babel/plugin-transform-literals": "^7.24.1",
        "@babel/plugin-transform-logical-assignment-operators": "^7.24.1",
        "@babel/plugin-transform-member-expression-literals": "^7.24.1",
        "@babel/plugin-transform-modules-amd": "^7.24.1",
        "@babel/plugin-transform-modules-commonjs": "^7.24.1",
        "@babel/plugin-transform-modules-systemjs": "^7.24.1",
        "@babel/plugin-transform-modules-umd": "^7.24.1",
        "@babel/plugin-transform-named-capturing-groups-regex": "^7.22.5",
        "@babel/plugin-transform-new-target": "^7.24.1",
        "@babel/plugin-transform-nullish-coalescing-operator": "^7.24.1",
        "@babel/plugin-transform-numeric-separator": "^7.24.1",
        "@babel/plugin-transform-object-rest-spread": "^7.24.1",
        "@babel/plugin-transform-object-super": "^7.24.1",
        "@babel/plugin-transform-optional-catch-binding": "^7.24.1",
        "@babel/plugin-transform-optional-chaining": "^7.24.1",
        "@babel/plugin-transform-parameters": "^7.24.1",
        "@babel/plugin-transform-private-methods": "^7.24.1",
        "@babel/plugin-transform-private-property-in-object": "^7.24.1",
        "@babel/plugin-transform-property-literals": "^7.24.1",
        "@babel/plugin-transform-regenerator": "^7.24.1",
        "@babel/plugin-transform-reserved-words": "^7.24.1",
        "@babel/plugin-transform-shorthand-properties": "^7.24.1",
        "@babel/plugin-transform-spread": "^7.24.1",
        "@babel/plugin-transform-sticky-regex": "^7.24.1",
        "@babel/plugin-transform-template-literals": "^7.24.1",
        "@babel/plugin-transform-typeof-symbol": "^7.24.1",
        "@babel/plugin-transform-unicode-escapes": "^7.24.1",
        "@babel/plugin-transform-unicode-property-regex": "^7.24.1",
        "@babel/plugin-transform-unicode-regex": "^7.24.1",
        "@babel/plugin-transform-unicode-sets-regex": "^7.24.1",
        "@babel/preset-modules": "0.1.6-no-external-plugins",
        "babel-plugin-polyfill-corejs2": "^0.4.10",
        "babel-plugin-polyfill-corejs3": "^0.10.4",
        "babel-plugin-polyfill-regenerator": "^0.6.1",
        "core-js-compat": "^3.31.0",
        "semver": "^6.3.1"
      },
      "devDependencies": {
        "@babel/core": "^7.24.4",
        "@babel/core-7.12": "npm:@babel/core@7.12.9",
        "@babel/helper-plugin-test-runner": "^7.24.1",
        "@babel/traverse": "^7.24.1"
      },
      "engines": {
        "node": ">=6.9.0"
      },
      "peerDependencies": {
        "@babel/core": "^7.0.0-0"
      }
    },
    "../../node_modules/.pnpm/@babel+runtime@7.24.4/node_modules/@babel/runtime": {
      "version": "7.24.4",
      "license": "MIT",
      "dependencies": {
        "regenerator-runtime": "^0.14.0"
      },
      "engines": {
        "node": ">=6.9.0"
      }
    },
    "../../node_modules/.pnpm/@types+node@14.18.63/node_modules/@types/node": {
      "version": "14.18.63",
      "dev": true,
      "license": "MIT"
    },
    "../../node_modules/.pnpm/tslib@2.6.2/node_modules/tslib": {
      "version": "2.6.2",
      "license": "0BSD"
    },
    "../../node_modules/.pnpm/typescript@5.4.5/node_modules/typescript": {
      "version": "5.4.5",
      "dev": true,
      "license": "Apache-2.0",
      "bin": {
        "tsc": "bin/tsc",
        "tsserver": "bin/tsserver"
      },
      "devDependencies": {
        "@esfx/canceltoken": "^1.0.0",
        "@octokit/rest": "^20.0.2",
        "@types/chai": "^4.3.11",
        "@types/glob": "^8.1.0",
        "@types/microsoft__typescript-etw": "^0.1.3",
        "@types/minimist": "^1.2.5",
        "@types/mocha": "^10.0.6",
        "@types/ms": "^0.7.34",
        "@types/node": "latest",
        "@types/source-map-support": "^0.5.10",
        "@types/which": "^3.0.3",
        "@typescript-eslint/eslint-plugin": "^6.19.0",
        "@typescript-eslint/parser": "^6.19.0",
        "@typescript-eslint/utils": "^6.19.0",
        "azure-devops-node-api": "^12.3.0",
        "c8": "^9.1.0",
        "chai": "^4.4.1",
        "chalk": "^4.1.2",
        "chokidar": "^3.5.3",
        "diff": "^5.1.0",
        "dprint": "^0.45.0",
        "esbuild": "^0.20.0",
        "eslint": "^8.56.0",
        "eslint-formatter-autolinkable-stylish": "^1.3.0",
        "eslint-plugin-local": "^3.1.0",
        "eslint-plugin-no-null": "^1.0.2",
        "eslint-plugin-simple-import-sort": "^10.0.0",
        "fast-xml-parser": "^4.3.3",
        "glob": "^10.3.10",
        "hereby": "^1.8.9",
        "jsonc-parser": "^3.2.0",
        "minimist": "^1.2.8",
        "mocha": "^10.2.0",
        "mocha-fivemat-progress-reporter": "^0.1.0",
        "ms": "^2.1.3",
        "node-fetch": "^3.3.2",
        "playwright": "^1.41.0",
        "source-map-support": "^0.5.21",
        "tslib": "^2.6.2",
        "typescript": "5.4.0-dev.20240119",
        "which": "^3.0.1"
      },
      "engines": {
        "node": ">=14.17"
      }
    },
    "../../node_modules/.pnpm/urlpattern-polyfill@9.0.0/node_modules/urlpattern-polyfill": {
      "version": "9.0.0",
      "license": "MIT",
      "devDependencies": {
        "@ava/typescript": "^4.0.0",
        "ava": "^5.3.0",
        "esbuild": "^0.17.19",
        "rimraf": "^5.0.1",
        "typescript": "^5.1.3",
        "wireit": "^0.9.5"
      }
    },
    "../../node_modules/.pnpm/vite-plugin-dts@3.8.1_cc7reevmawtoqhhqwniyzljd4i/node_modules/vite-plugin-dts": {
      "version": "3.8.1",
      "dev": true,
      "license": "MIT",
      "dependencies": {
        "@microsoft/api-extractor": "7.43.0",
        "@rollup/pluginutils": "^5.1.0",
        "@vue/language-core": "^1.8.27",
        "debug": "^4.3.4",
        "kolorist": "^1.8.0",
        "magic-string": "^0.30.8",
        "vue-tsc": "^1.8.27"
      },
      "devDependencies": {
        "@commitlint/cli": "^19.2.1",
        "@types/debug": "^4.1.12",
        "@types/minimist": "^1.2.5",
        "@types/node": "^20.11.30",
        "@types/prompts": "^2.4.9",
        "@types/semver": "^7.5.8",
        "@vexip-ui/commitlint-config": "^0.4.0",
        "@vexip-ui/eslint-config": "^0.12.0",
        "@vexip-ui/prettier-config": "^0.2.0",
        "@vue/eslint-config-standard": "^8.0.1",
        "@vue/eslint-config-typescript": "^13.0.0",
        "conventional-changelog-cli": "^4.1.0",
        "eslint": "^8.57.0",
        "execa": "^8.0.1",
        "husky": "^9.0.11",
        "is-ci": "^3.0.1",
        "lint-staged": "^15.2.2",
        "minimist": "^1.2.8",
        "pinst": "^3.0.0",
        "prettier": "^3.2.5",
        "pretty-quick": "^4.0.0",
        "prompts": "^2.4.2",
        "rimraf": "^5.0.5",
        "semver": "^7.6.0",
        "tsx": "^4.7.1",
        "typescript": "5.4.3",
        "unbuild": "^2.0.0",
        "vite": "^5.2.6",
        "vitest": "^1.4.0"
      },
      "engines": {
        "node": "^14.18.0 || >=16.0.0"
      },
      "peerDependencies": {
        "typescript": "*",
        "vite": "*"
      },
      "peerDependenciesMeta": {
        "vite": {
          "optional": true
        }
      }
    },
    "../../node_modules/.pnpm/vite@4.5.3_@types+node@14.18.63/node_modules/vite": {
      "version": "4.5.3",
      "dev": true,
      "license": "MIT",
      "dependencies": {
        "esbuild": "^0.18.10",
        "postcss": "^8.4.27",
        "rollup": "^3.27.1"
      },
      "bin": {
        "vite": "bin/vite.js"
      },
      "devDependencies": {
        "@ampproject/remapping": "^2.2.1",
        "@babel/parser": "^7.22.7",
        "@babel/types": "^7.22.5",
        "@jridgewell/trace-mapping": "^0.3.18",
        "@rollup/plugin-alias": "^4.0.4",
        "@rollup/plugin-commonjs": "^25.0.3",
        "@rollup/plugin-dynamic-import-vars": "^2.0.4",
        "@rollup/plugin-json": "^6.0.0",
        "@rollup/plugin-node-resolve": "15.1.0",
        "@rollup/plugin-typescript": "^11.1.2",
        "@rollup/pluginutils": "^5.0.2",
        "@types/escape-html": "^1.0.2",
        "@types/pnpapi": "^0.0.2",
        "acorn": "^8.10.0",
        "acorn-walk": "^8.2.0",
        "cac": "^6.7.14",
        "chokidar": "^3.5.3",
        "connect": "^3.7.0",
        "connect-history-api-fallback": "^2.0.0",
        "convert-source-map": "^2.0.0",
        "cors": "^2.8.5",
        "cross-spawn": "^7.0.3",
        "debug": "^4.3.4",
        "dep-types": "link:./src/types",
        "dotenv": "^16.3.1",
        "dotenv-expand": "^9.0.0",
        "es-module-lexer": "^1.3.0",
        "escape-html": "^1.0.3",
        "estree-walker": "^3.0.3",
        "etag": "^1.8.1",
        "fast-glob": "^3.3.1",
        "http-proxy": "^1.18.1",
        "json-stable-stringify": "^1.0.2",
        "launch-editor-middleware": "^2.6.0",
        "lightningcss": "^1.21.5",
        "magic-string": "^0.30.2",
        "micromatch": "^4.0.5",
        "mlly": "^1.4.0",
        "mrmime": "^1.0.1",
        "okie": "^1.0.1",
        "open": "^8.4.2",
        "parse5": "^7.1.2",
        "periscopic": "^3.1.0",
        "picocolors": "^1.0.0",
        "picomatch": "^2.3.1",
        "postcss-import": "^15.1.0",
        "postcss-load-config": "^4.0.1",
        "postcss-modules": "^6.0.0",
        "resolve.exports": "^2.0.2",
        "rollup-plugin-license": "^3.0.1",
        "sirv": "^2.0.3",
        "source-map-support": "^0.5.21",
        "strip-ansi": "^7.1.0",
        "strip-literal": "^1.3.0",
        "tsconfck": "^2.1.2",
        "tslib": "^2.6.1",
        "types": "link:./types",
        "ufo": "^1.2.0",
        "ws": "^8.13.0"
      },
      "engines": {
        "node": "^14.18.0 || >=16.0.0"
      },
      "funding": {
        "url": "https://github.com/vitejs/vite?sponsor=1"
      },
      "optionalDependencies": {
        "fsevents": "~2.3.2"
      },
      "peerDependencies": {
        "@types/node": ">= 14",
        "less": "*",
        "lightningcss": "^1.21.0",
        "sass": "*",
        "stylus": "*",
        "sugarss": "*",
        "terser": "^5.4.0"
      },
      "peerDependenciesMeta": {
        "@types/node": {
          "optional": true
        },
        "less": {
          "optional": true
        },
        "lightningcss": {
          "optional": true
        },
        "sass": {
          "optional": true
        },
        "stylus": {
          "optional": true
        },
        "sugarss": {
          "optional": true
        },
        "terser": {
          "optional": true
        }
      }
    },
    "node_modules/@babel/core": {
      "resolved": "../../node_modules/.pnpm/@babel+core@7.24.4/node_modules/@babel/core",
      "link": true
    },
    "node_modules/@babel/plugin-proposal-decorators": {
      "resolved": "../../node_modules/.pnpm/@babel+plugin-proposal-decorators@7.24.1_@babel+core@7.24.4/node_modules/@babel/plugin-proposal-decorators",
      "link": true
    },
    "node_modules/@babel/plugin-transform-runtime": {
      "resolved": "../../node_modules/.pnpm/@babel+plugin-transform-runtime@7.24.3_@babel+core@7.24.4/node_modules/@babel/plugin-transform-runtime",
      "link": true
    },
    "node_modules/@babel/preset-env": {
      "resolved": "../../node_modules/.pnpm/@babel+preset-env@7.24.4_@babel+core@7.24.4/node_modules/@babel/preset-env",
      "link": true
    },
    "node_modules/@babel/runtime": {
      "resolved": "../../node_modules/.pnpm/@babel+runtime@7.24.4/node_modules/@babel/runtime",
      "link": true
    },
    "node_modules/@types/node": {
      "resolved": "../../node_modules/.pnpm/@types+node@14.18.63/node_modules/@types/node",
      "link": true
    },
    "node_modules/quarkc": {
      "version": "1.0.58",
      "resolved": "https://registry.npmmirror.com/quarkc/-/quarkc-1.0.58.tgz",
      "integrity": "sha512-vscMw9dBil56btmGBDhGeJ+2hWHtzL0tOHnyQq0W8rA0qEKuveiMQZzqkA5iuQk5pfDI0A+RMI506j4Eq32PqQ==",
      "peer": true,
      "dependencies": {
        "@babel/runtime": "^7.22.5"
      }
    },
    "node_modules/tslib": {
      "resolved": "../../node_modules/.pnpm/tslib@2.6.2/node_modules/tslib",
      "link": true
    },
    "node_modules/typescript": {
      "resolved": "../../node_modules/.pnpm/typescript@5.4.5/node_modules/typescript",
      "link": true
    },
    "node_modules/urlpattern-polyfill": {
      "resolved": "../../node_modules/.pnpm/urlpattern-polyfill@9.0.0/node_modules/urlpattern-polyfill",
      "link": true
    },
    "node_modules/vite": {
      "resolved": "../../node_modules/.pnpm/vite@4.5.3_@types+node@14.18.63/node_modules/vite",
      "link": true
    },
    "node_modules/vite-plugin-dts": {
      "resolved": "../../node_modules/.pnpm/vite-plugin-dts@3.8.1_cc7reevmawtoqhhqwniyzljd4i/node_modules/vite-plugin-dts",
      "link": true
    }
  }
}
